
Microsoft Visual Studio Solution File, Format Version 12.00
# Visual Studio 14
VisualStudioVersion = 14.0.23107.0
MinimumVisualStudioVersion = 10.0.40219.1
Project("{FAE04EC0-301F-11D3-BF4B-00C04F79EFBC}") = "Colr.Imaging", "source\Colr.Imaging\Colr.Imaging.csproj", "{3E719B30-0BD8-40C5-B8B8-312B9A73373E}"
EndProject
Project("{2150E333-8FDC-42A3-9474-1A3956D46DE8}") = "source", "source", "{67986CCA-6763-4213-B02F-0D5ED8DC2037}"
EndProject
Project("{2150E333-8FDC-42A3-9474-1A3956D46DE8}") = "test", "test", "{78579028-E42A-42DE-8569-53685C7C0002}"
EndProject
Project("{FAE04EC0-301F-11D3-BF4B-00C04F79EFBC}") = "Test.Colr.Imaging", "test\Test.Colr.Imaging\Test.Colr.Imaging.csproj", "{ADE2BAA9-1851-49C5-A330-F93DC8A4F865}"
EndProject
Global
	GlobalSection(SolutionConfigurationPlatforms) = preSolution
		Debug|Any CPU = Debug|Any CPU
		Release|Any CPU = Release|Any CPU
	EndGlobalSection
	GlobalSection(ProjectConfigurationPlatforms) = postSolution
		{3E719B30-0BD8-40C5-B8B8-312B9A73373E}.Debug|Any CPU.ActiveCfg = Debug|Any CPU
		{3E719B30-0BD8-40C5-B8B8-312B9A73373E}.Debug|Any CPU.Build.0 = Debug|Any CPU
		{3E719B30-0BD8-40C5-B8B8-312B9A73373E}.Release|Any CPU.ActiveCfg = Release|Any CPU
		{3E719B30-0BD8-40C5-B8B8-312B9A73373E}.Release|Any CPU.Build.0 = Release|Any CPU
		{ADE2BAA9-1851-49C5-A330-F93DC8A4F865}.Debug|Any CPU.ActiveCfg = Debug|Any CPU
		{ADE2BAA9-1851-49C5-A330-F93DC8A4F865}.Debug|Any CPU.Build.0 = Debug|Any CPU
		{ADE2BAA9-1851-49C5-A330-F93DC8A4F865}.Release|Any CPU.ActiveCfg = Release|Any CPU
		{ADE2BAA9-1851-49C5-A330-F93DC8A4F865}.Release|Any CPU.Build.0 = Release|Any CPU
	EndGlobalSection
	GlobalSection(SolutionProperties) = preSolution
		HideSolutionNode = FALSE
	EndGlobalSection
	GlobalSection(NestedProjects) = preSolution
		{3E719B30-0BD8-40C5-B8B8-312B9A73373E} = {67986CCA-6763-4213-B02F-0D5ED8DC2037}
		{ADE2BAA9-1851-49C5-A330-F93DC8A4F865} = {78579028-E42A-42DE-8569-53685C7C0002}
	EndGlobalSection
EndGlobal
